{
  "requires": true,
  "lockfileVersion": 1,
  "dependencies": {
    "@prettier/plugin-ruby": {
      "version": "0.12.3",
      "resolved": "https://registry.npmjs.org/@prettier/plugin-ruby/-/plugin-ruby-0.12.3.tgz",
      "integrity": "sha512-2DEsy9L5MW6fPCIHtl5b2ghVSh+J3ZBm+eyXDX8e/crKxVxzSdqMcYAHFdgtaZHMZvXvrFsftCZjw5qkwm3p3A==",
      "dev": true,
      "requires": {
        "prettier": "^1.16.4"
      }
    },
    "prettier": {
      "version": "1.18.2",
      "resolved": "https://registry.npmjs.org/prettier/-/prettier-1.18.2.tgz",
      "integrity": "sha512-OeHeMc0JhFE9idD4ZdtNibzY0+TPHSpSSb9h8FqtP+YnoZZ1sl8Vc9b1sasjfymH3SonAF4QcA2+mzHPhMvIiw==",
      "dev": true
    }
  }
}
